{
  "name": "modern-now",
  "lockfileVersion": 3,
  "requires": true,
  "packages": {
    "": {
      "dependencies": {
        "@oddbird/popover-polyfill": "^0.3.2",
        "qsa-observer": "^3.0.2"
      }
    },
    "node_modules/@oddbird/popover-polyfill": {
      "version": "0.3.2",
      "resolved": "https://registry.npmjs.org/@oddbird/popover-polyfill/-/popover-polyfill-0.3.2.tgz",
      "integrity": "sha512-H0Q8JcFkXrOt2FrP0cUz2qomU5O+Dfc51UYLk5GtDWmVhdmvtV2FhgaCUh3TA6U5dogMZOFAf3QbwiGXhe9LXQ=="
    },
    "node_modules/element-notifier": {
      "version": "1.1.2",
      "resolved": "https://registry.npmjs.org/element-notifier/-/element-notifier-1.1.2.tgz",
      "integrity": "sha512-GaXwkw/aZ4ZCsmzTDrlchtFmu3k3mruOUcC04Lk7YCQLMWsBPUONaIzczvW3QxxVkTpu8oq3r+muVuD+01b7fA=="
    },
    "node_modules/qsa-observer": {
      "version": "3.0.2",
      "resolved": "https://registry.npmjs.org/qsa-observer/-/qsa-observer-3.0.2.tgz",
      "integrity": "sha512-G1qqXYKG9RNpoFROJFGzYew1g76YDJsL5jyjePB8CdU6H9SFWO47WGLlqkuJKr5NKwVAzFl2fmTwqyK/EywxOw==",
      "dependencies": {
        "element-notifier": "^1.1.2"
      }
    }
  }
}
